{
  "sources": {
    "build-essential": {
      "locked_version": "1.4.2"
    },
    "database": {
      "locked_version": "1.5.2"
    },
    "php": {
      "locked_version": "1.2.6"
    },
    "selinux": {
      "locked_version": "0.5.6"
    },
    "timezone": {
      "locked_version": "0.0.1"
    },
    "yum": {
      "locked_version": "2.3.4"
    },
    "ntp": {
      "locked_version": "1.5.0"
    },
    "java": {
      "locked_version": "1.15.4"
    },
    "typesafe-stack": {
      "locked_version": "0.1.0"
    },
    "mysql": {
      "locked_version": "3.0.12"
    },
    "openssl": {
      "locked_version": "1.1.0"
    },
    "postgresql": {
      "locked_version": "3.1.0"
    },
    "apt": {
      "locked_version": "2.2.1"
    },
    "aws": {
      "locked_version": "0.101.6"
    },
    "xfs": {
      "locked_version": "1.1.0"
    },
    "xml": {
      "locked_version": "1.2.0"
    },
    "windows": {
      "locked_version": "1.11.0"
    },
    "chef_handler": {
      "locked_version": "1.1.4"
    }
  }
}
